
Microsoft Visual Studio Solution File, Format Version 12.00
# Visual Studio Version 16
VisualStudioVersion = 16.0.31112.23
MinimumVisualStudioVersion = 10.0.40219.1
Project("{FAE04EC0-301F-11D3-BF4B-00C04F79EFBC}") = "Keyboard Simulator", "Keyboard Simulator\Keyboard Simulator.csproj", "{32E4AFAA-F2F4-44F3-A0E3-7B28B9A1D258}"
EndProject
Global
	GlobalSection(SolutionConfigurationPlatforms) = preSolution
		Debug|Any CPU = Debug|Any CPU
		Release|Any CPU = Release|Any CPU
	EndGlobalSection
	GlobalSection(ProjectConfigurationPlatforms) = postSolution
		{32E4AFAA-F2F4-44F3-A0E3-7B28B9A1D258}.Debug|Any CPU.ActiveCfg = Debug|Any CPU
		{32E4AFAA-F2F4-44F3-A0E3-7B28B9A1D258}.Debug|Any CPU.Build.0 = Debug|Any CPU
		{32E4AFAA-F2F4-44F3-A0E3-7B28B9A1D258}.Release|Any CPU.ActiveCfg = Release|Any CPU
		{32E4AFAA-F2F4-44F3-A0E3-7B28B9A1D258}.Release|Any CPU.Build.0 = Release|Any CPU
	EndGlobalSection
	GlobalSection(SolutionProperties) = preSolution
		HideSolutionNode = FALSE
	EndGlobalSection
	GlobalSection(ExtensibilityGlobals) = postSolution
		SolutionGuid = {53F3EFAF-1F83-49A1-B90D-7BE04060EE0A}
	EndGlobalSection
EndGlobal
